// !$*UTF8*$!
{
	archiveVersion = 1;
	classes = {
	};
	objectVersion = 50;
	objects = {

/* Begin PBXBuildFile section */
		1119F81520A1D97400BE5267 /* AppDelegate.swift in Sources */ = {isa = PBXBuildFile; fileRef = 1119F81420A1D97400BE5267 /* AppDelegate.swift */; };
		1119F81720A1D97400BE5267 /* ViewController.swift in Sources */ = {isa = PBXBuildFile; fileRef = 1119F81620A1D97400BE5267 /* ViewController.swift */; };
		1119F81A20A1D97400BE5267 /* Main.storyboard in Resources */ = {isa = PBXBuildFile; fileRef = 1119F81820A1D97400BE5267 /* Main.storyboard */; };
		1119F81C20A1D97500BE5267 /* Assets.xcassets in Resources */ = {isa = PBXBuildFile; fileRef = 1119F81B20A1D97500BE5267 /* Assets.xcassets */; };
		1119F81F20A1D97500BE5267 /* LaunchScreen.storyboard in Resources */ = {isa = PBXBuildFile; fileRef = 1119F81D20A1D97500BE5267 /* LaunchScreen.storyboard */; };
		1119F82F20A38DA400BE5267 /* structs.swift in Sources */ = {isa = PBXBuildFile; fileRef = 1119F82E20A38DA400BE5267 /* structs.swift */; };
/* End PBXBuildFile section */

/* Begin PBXFileReference section */
		1119F81120A1D97400BE5267 /* PassRequester.app */ = {isa = PBXFileReference; explicitFileType = wrapper.application; includeInIndex = 0; path = PassRequester.app; sourceTree = BUILT_PRODUCTS_DIR; };
		1119F81420A1D97400BE5267 /* AppDelegate.swift */ = {isa = PBXFileReference; lastKnownFileType = sourcecode.swift; path = AppDelegate.swift; sourceTree = "<group>"; };
		1119F81620A1D97400BE5267 /* ViewController.swift */ = {isa = PBXFileReference; lastKnownFileType = sourcecode.swift; path = ViewController.swift; sourceTree = "<group>"; };
		1119F81920A1D97400BE5267 /* Base */ = {isa = PBXFileReference; lastKnownFileType = file.storyboard; name = Base; path = Base.lproj/Main.storyboard; sourceTree = "<group>"; };
		1119F81B20A1D97500BE5267 /* Assets.xcassets */ = {isa = PBXFileReference; lastKnownFileType = folder.assetcatalog; path = Assets.xcassets; sourceTree = "<group>"; };
		1119F81E20A1D97500BE5267 /* Base */ = {isa = PBXFileReference; lastKnownFileType = file.storyboard; name = Base; path = Base.lproj/LaunchScreen.storyboard; sourceTree = "<group>"; };
		1119F82020A1D97500BE5267 /* Info.plist */ = {isa = PBXFileReference; lastKnownFileType = text.plist.xml; path = Info.plist; sourceTree = "<group>"; };
		1119F82A20A2E2D600BE5267 /* PassRequester.entitlements */ = {isa = PBXFileReference; lastKnownFileType = text.plist.entitlements; path = PassRequester.entitlements; sourceTree = "<group>"; };
		1119F82E20A38DA400BE5267 /* structs.swift */ = {isa = PBXFileReference; lastKnownFileType = sourcecode.swift; path = structs.swift; sourceTree = "<group>"; };
/* End PBXFileReference section */

/* Begin PBXFrameworksBuildPhase section */
		1119F80E20A1D97400BE5267 /* Frameworks */ = {
			isa = PBXFrameworksBuildPhase;
			buildActionMask = 2147483647;
			files = (
			);
			runOnlyForDeploymentPostprocessing = 0;
		};
/* End PBXFrameworksBuildPhase section */

/* Begin PBXGroup section */
		1119F80820A1D97400BE5267 = {
			isa = PBXGroup;
			children = (
				1119F81320A1D97400BE5267 /* PassRequester */,
				1119F81220A1D97400BE5267 /* Products */,
				1119F82B20A2E2D600BE5267 /* Frameworks */,
			);
			sourceTree = "<group>";
		};
		1119F81220A1D97400BE5267 /* Products */ = {
			isa = PBXGroup;
			children = (
				1119F81120A1D97400BE5267 /* PassRequester.app */,
			);
			name = Products;
			sourceTree = "<group>";
		};
		1119F81320A1D97400BE5267 /* PassRequester */ = {
			isa = PBXGroup;
			children = (
				1119F82A20A2E2D600BE5267 /* PassRequester.entitlements */,
				1119F81420A1D97400BE5267 /* AppDelegate.swift */,
				1119F81620A1D97400BE5267 /* ViewController.swift */,
				1119F81820A1D97400BE5267 /* Main.storyboard */,
				1119F81B20A1D97500BE5267 /* Assets.xcassets */,
				1119F81D20A1D97500BE5267 /* LaunchScreen.storyboard */,
				1119F82020A1D97500BE5267 /* Info.plist */,
				1119F82E20A38DA400BE5267 /* structs.swift */,
			);
			path = PassRequester;
			sourceTree = "<group>";
		};
		1119F82B20A2E2D600BE5267 /* Frameworks */ = {
			isa = PBXGroup;
			children = (
			);
			name = Frameworks;
			sourceTree = "<group>";
		};
/* End PBXGroup section */

/* Begin PBXNativeTarget section */
		1119F81020A1D97400BE5267 /* PassRequester */ = {
			isa = PBXNativeTarget;
			buildConfigurationList = 1119F82320A1D97500BE5267 /* Build configuration list for PBXNativeTarget "PassRequester" */;
			buildPhases = (
				1119F80D20A1D97400BE5267 /* Sources */,
				1119F80E20A1D97400BE5267 /* Frameworks */,
				1119F80F20A1D97400BE5267 /* Resources */,
			);
			buildRules = (
			);
			dependencies = (
			);
			name = PassRequester;
			productName = PassRequester;
			productReference = 1119F81120A1D97400BE5267 /* PassRequester.app */;
			productType = "com.apple.product-type.application";
		};
/* End PBXNativeTarget section */

/* Begin PBXProject section */
		1119F80920A1D97400BE5267 /* Project object */ = {
			isa = PBXProject;
			attributes = {
				LastSwiftUpdateCheck = 0930;
				LastUpgradeCheck = 0930;
				ORGANIZATIONNAME = "Alexander Cerutti";
				TargetAttributes = {
					1119F81020A1D97400BE5267 = {
						CreatedOnToolsVersion = 9.3;
						SystemCapabilities = {
							com.apple.Wallet = {
								enabled = 0;
							};
						};
					};
				};
			};
			buildConfigurationList = 1119F80C20A1D97400BE5267 /* Build configuration list for PBXProject "PassRequester" */;
			compatibilityVersion = "Xcode 9.3";
			developmentRegion = en;
			hasScannedForEncodings = 0;
			knownRegions = (
				en,
				Base,
			);
			mainGroup = 1119F80820A1D97400BE5267;
			productRefGroup = 1119F81220A1D97400BE5267 /* Products */;
			projectDirPath = "";
			projectRoot = "";
			targets = (
				1119F81020A1D97400BE5267 /* PassRequester */,
			);
		};
/* End PBXProject section */

/* Begin PBXResourcesBuildPhase section */
		1119F80F20A1D97400BE5267 /* Resources */ = {
			isa = PBXResourcesBuildPhase;
			buildActionMask = 2147483647;
			files = (
				1119F81F20A1D97500BE5267 /* LaunchScreen.storyboard in Resources */,
				1119F81C20A1D97500BE5267 /* Assets.xcassets in Resources */,
				1119F81A20A1D97400BE5267 /* Main.storyboard in Resources */,
			);
			runOnlyForDeploymentPostprocessing = 0;
		};
/* End PBXResourcesBuildPhase section */

/* Begin PBXSourcesBuildPhase section */
		1119F80D20A1D97400BE5267 /* Sources */ = {
			isa = PBXSourcesBuildPhase;
			buildActionMask = 2147483647;
			files = (
				1119F82F20A38DA400BE5267 /* structs.swift in Sources */,
				1119F81720A1D97400BE5267 /* ViewController.swift in Sources */,
				1119F81520A1D97400BE5267 /* AppDelegate.swift in Sources */,
			);
			runOnlyForDeploymentPostprocessing = 0;
		};
/* End PBXSourcesBuildPhase section */

/* Begin PBXVariantGroup section */
		1119F81820A1D97400BE5267 /* Main.storyboard */ = {
			isa = PBXVariantGroup;
			children = (
				1119F81920A1D97400BE5267 /* Base */,
			);
			name = Main.storyboard;
			sourceTree = "<group>";
		};
		1119F81D20A1D97500BE5267 /* LaunchScreen.storyboard */ = {
			isa = PBXVariantGroup;
			children = (
				1119F81E20A1D97500BE5267 /* Base */,
			);
			name = LaunchScreen.storyboard;
			sourceTree = "<group>";
		};
/* End PBXVariantGroup section */

/* Begin XCBuildConfiguration section */
		1119F82120A1D97500BE5267 /* Debug */ = {
			isa = XCBuildConfiguration;
			buildSettings = {
				ALWAYS_SEARCH_USER_PATHS = NO;
				CLANG_ANALYZER_NONNULL = YES;
				CLANG_ANALYZER_NUMBER_OBJECT_CONVERSION = YES_AGGRESSIVE;
				CLANG_CXX_LANGUAGE_STANDARD = "gnu++14";
				CLANG_CXX_LIBRARY = "libc++";
				CLANG_ENABLE_MODULES = YES;
				CLANG_ENABLE_OBJC_ARC = YES;
				CLANG_ENABLE_OBJC_WEAK = YES;
				CLANG_WARN_BLOCK_CAPTURE_AUTORELEASING = YES;
				CLANG_WARN_BOOL_CONVERSION = YES;
				CLANG_WARN_COMMA = YES;
				CLANG_WARN_CONSTANT_CONVERSION = YES;
				CLANG_WARN_DEPRECATED_OBJC_IMPLEMENTATIONS = YES;
				CLANG_WARN_DIRECT_OBJC_ISA_USAGE = YES_ERROR;
				CLANG_WARN_DOCUMENTATION_COMMENTS = YES;
				CLANG_WARN_EMPTY_BODY = YES;
				CLANG_WARN_ENUM_CONVERSION = YES;
				CLANG_WARN_INFINITE_RECURSION = YES;
				CLANG_WARN_INT_CONVERSION = YES;
				CLANG_WARN_NON_LITERAL_NULL_CONVERSION = YES;
				CLANG_WARN_OBJC_IMPLICIT_RETAIN_SELF = YES;
				CLANG_WARN_OBJC_LITERAL_CONVERSION = YES;
				CLANG_WARN_OBJC_ROOT_CLASS = YES_ERROR;
				CLANG_WARN_RANGE_LOOP_ANALYSIS = YES;
				CLANG_WARN_STRICT_PROTOTYPES = YES;
				CLANG_WARN_SUSPICIOUS_MOVE = YES;
				CLANG_WARN_UNGUARDED_AVAILABILITY = YES_AGGRESSIVE;
				CLANG_WARN_UNREACHABLE_CODE = YES;
				CLANG_WARN__DUPLICATE_METHOD_MATCH = YES;
				CODE_SIGN_IDENTITY = "iPhone Developer";
				COPY_PHASE_STRIP = NO;
				DEBUG_INFORMATION_FORMAT = dwarf;
				ENABLE_STRICT_OBJC_MSGSEND = YES;
				ENABLE_TESTABILITY = YES;
				GCC_C_LANGUAGE_STANDARD = gnu11;
				GCC_DYNAMIC_NO_PIC = NO;
				GCC_NO_COMMON_BLOCKS = YES;
				GCC_OPTIMIZATION_LEVEL = 0;
				GCC_PREPROCESSOR_DEFINITIONS = (
					"DEBUG=1",
					"$(inherited)",
				);
				GCC_WARN_64_TO_32_BIT_CONVERSION = YES;
				GCC_WARN_ABOUT_RETURN_TYPE = YES_ERROR;
				GCC_WARN_UNDECLARED_SELECTOR = YES;
				GCC_WARN_UNINITIALIZED_AUTOS = YES_AGGRESSIVE;
				GCC_WARN_UNUSED_FUNCTION = YES;
				GCC_WARN_UNUSED_VARIABLE = YES;
				IPHONEOS_DEPLOYMENT_TARGET = 11.3;
				MTL_ENABLE_DEBUG_INFO = YES;
				ONLY_ACTIVE_ARCH = YES;
				SDKROOT = iphoneos;
				SWIFT_ACTIVE_COMPILATION_CONDITIONS = DEBUG;
				SWIFT_OPTIMIZATION_LEVEL = "-Onone";
			};
			name = Debug;
		};
		1119F82220A1D97500BE5267 /* Release */ = {
			isa = XCBuildConfiguration;
			buildSettings = {
				ALWAYS_SEARCH_USER_PATHS = NO;
				CLANG_ANALYZER_NONNULL = YES;
				CLANG_ANALYZER_NUMBER_OBJECT_CONVERSION = YES_AGGRESSIVE;
				CLANG_CXX_LANGUAGE_STANDARD = "gnu++14";
				CLANG_CXX_LIBRARY = "libc++";
				CLANG_ENABLE_MODULES = YES;
				CLANG_ENABLE_OBJC_ARC = YES;
				CLANG_ENABLE_OBJC_WEAK = YES;
				CLANG_WARN_BLOCK_CAPTURE_AUTORELEASING = YES;
				CLANG_WARN_BOOL_CONVERSION = YES;
				CLANG_WARN_COMMA = YES;
				CLANG_WARN_CONSTANT_CONVERSION = YES;
				CLANG_WARN_DEPRECATED_OBJC_IMPLEMENTATIONS = YES;
				CLANG_WARN_DIRECT_OBJC_ISA_USAGE = YES_ERROR;
				CLANG_WARN_DOCUMENTATION_COMMENTS = YES;
				CLANG_WARN_EMPTY_BODY = YES;
				CLANG_WARN_ENUM_CONVERSION = YES;
				CLANG_WARN_INFINITE_RECURSION = YES;
				CLANG_WARN_INT_CONVERSION = YES;
				CLANG_WARN_NON_LITERAL_NULL_CONVERSION = YES;
				CLANG_WARN_OBJC_IMPLICIT_RETAIN_SELF = YES;
				CLANG_WARN_OBJC_LITERAL_CONVERSION = YES;
				CLANG_WARN_OBJC_ROOT_CLASS = YES_ERROR;
				CLANG_WARN_RANGE_LOOP_ANALYSIS = YES;
				CLANG_WARN_STRICT_PROTOTYPES = YES;
				CLANG_WARN_SUSPICIOUS_MOVE = YES;
				CLANG_WARN_UNGUARDED_AVAILABILITY = YES_AGGRESSIVE;
				CLANG_WARN_UNREACHABLE_CODE = YES;
				CLANG_WARN__DUPLICATE_METHOD_MATCH = YES;
				CODE_SIGN_IDENTITY = "iPhone Developer";
				COPY_PHASE_STRIP = NO;
				DEBUG_INFORMATION_FORMAT = "dwarf-with-dsym";
				ENABLE_NS_ASSERTIONS = NO;
				ENABLE_STRICT_OBJC_MSGSEND = YES;
				GCC_C_LANGUAGE_STANDARD = gnu11;
				GCC_NO_COMMON_BLOCKS = YES;
				GCC_WARN_64_TO_32_BIT_CONVERSION = YES;
				GCC_WARN_ABOUT_RETURN_TYPE = YES_ERROR;
				GCC_WARN_UNDECLARED_SELECTOR = YES;
				GCC_WARN_UNINITIALIZED_AUTOS = YES_AGGRESSIVE;
				GCC_WARN_UNUSED_FUNCTION = YES;
				GCC_WARN_UNUSED_VARIABLE = YES;
				IPHONEOS_DEPLOYMENT_TARGET = 11.3;
				MTL_ENABLE_DEBUG_INFO = NO;
				SDKROOT = iphoneos;
				SWIFT_COMPILATION_MODE = wholemodule;
				SWIFT_OPTIMIZATION_LEVEL = "-O";
				VALIDATE_PRODUCT = YES;
			};
			name = Release;
		};
		1119F82420A1D97500BE5267 /* Debug */ = {
			isa = XCBuildConfiguration;
			buildSettings = {
				ASSETCATALOG_COMPILER_APPICON_NAME = AppIcon;
				CODE_SIGN_STYLE = Automatic;
				DEVELOPMENT_TEAM = F53WB8AE67;
				INFOPLIST_FILE = PassRequester/Info.plist;
				LD_RUNPATH_SEARCH_PATHS = (
					"$(inherited)",
					"@executable_path/Frameworks",
				);
				PRODUCT_BUNDLE_IDENTIFIER = com.cerutti.PassRequester;
				PRODUCT_NAME = "$(TARGET_NAME)";
				SWIFT_VERSION = 4.0;
				TARGETED_DEVICE_FAMILY = "1,2";
			};
			name = Debug;
		};
		1119F82520A1D97500BE5267 /* Release */ = {
			isa = XCBuildConfiguration;
			buildSettings = {
				ASSETCATALOG_COMPILER_APPICON_NAME = AppIcon;
				CODE_SIGN_STYLE = Automatic;
				DEVELOPMENT_TEAM = F53WB8AE67;
				INFOPLIST_FILE = PassRequester/Info.plist;
				LD_RUNPATH_SEARCH_PATHS = (
					"$(inherited)",
					"@executable_path/Frameworks",
				);
				PRODUCT_BUNDLE_IDENTIFIER = com.cerutti.PassRequester;
				PRODUCT_NAME = "$(TARGET_NAME)";
				SWIFT_VERSION = 4.0;
				TARGETED_DEVICE_FAMILY = "1,2";
			};
			name = Release;
		};
/* End XCBuildConfiguration section */

/* Begin XCConfigurationList section */
		1119F80C20A1D97400BE5267 /* Build configuration list for PBXProject "PassRequester" */ = {
			isa = XCConfigurationList;
			buildConfigurations = (
				1119F82120A1D97500BE5267 /* Debug */,
				1119F82220A1D97500BE5267 /* Release */,
			);
			defaultConfigurationIsVisible = 0;
			defaultConfigurationName = Release;
		};
		1119F82320A1D97500BE5267 /* Build configuration list for PBXNativeTarget "PassRequester" */ = {
			isa = XCConfigurationList;
			buildConfigurations = (
				1119F82420A1D97500BE5267 /* Debug */,
				1119F82520A1D97500BE5267 /* Release */,
			);
			defaultConfigurationIsVisible = 0;
			defaultConfigurationName = Release;
		};
/* End XCConfigurationList section */
	};
	rootObject = 1119F80920A1D97400BE5267 /* Project object */;
}
